
Microsoft Visual Studio Solution File, Format Version 12.00
# Visual Studio Version 17
VisualStudioVersion = 17.8.34316.72
MinimumVisualStudioVersion = 10.0.40219.1
Project("{FAE04EC0-301F-11D3-BF4B-00C04F79EFBC}") = "Application", "Application\Application.csproj", "{DEF62111-B0E6-4402-A89E-F1D09E422E4D}"
EndProject
Project("{FAE04EC0-301F-11D3-BF4B-00C04F79EFBC}") = "Domain", "Domain\Domain.csproj", "{1340F256-FFCB-468A-B40F-4C87B6DDE5CE}"
EndProject
Project("{FAE04EC0-301F-11D3-BF4B-00C04F79EFBC}") = "Service", "Service\Service.csproj", "{36810640-B26E-4EAF-81C5-E1781AA3F90C}"
EndProject
Project("{FAE04EC0-301F-11D3-BF4B-00C04F79EFBC}") = "Infrastructure", "Infrastructure\Infrastructure.csproj", "{DD2F7F32-2233-4DEE-8FA8-A70ACE23BBDE}"
EndProject
Global
	GlobalSection(SolutionConfigurationPlatforms) = preSolution
		Debug|Any CPU = Debug|Any CPU
		Release|Any CPU = Release|Any CPU
	EndGlobalSection
	GlobalSection(ProjectConfigurationPlatforms) = postSolution
		{DEF62111-B0E6-4402-A89E-F1D09E422E4D}.Debug|Any CPU.ActiveCfg = Debug|Any CPU
		{DEF62111-B0E6-4402-A89E-F1D09E422E4D}.Debug|Any CPU.Build.0 = Debug|Any CPU
		{DEF62111-B0E6-4402-A89E-F1D09E422E4D}.Release|Any CPU.ActiveCfg = Release|Any CPU
		{DEF62111-B0E6-4402-A89E-F1D09E422E4D}.Release|Any CPU.Build.0 = Release|Any CPU
		{1340F256-FFCB-468A-B40F-4C87B6DDE5CE}.Debug|Any CPU.ActiveCfg = Debug|Any CPU
		{1340F256-FFCB-468A-B40F-4C87B6DDE5CE}.Debug|Any CPU.Build.0 = Debug|Any CPU
		{1340F256-FFCB-468A-B40F-4C87B6DDE5CE}.Release|Any CPU.ActiveCfg = Release|Any CPU
		{1340F256-FFCB-468A-B40F-4C87B6DDE5CE}.Release|Any CPU.Build.0 = Release|Any CPU
		{36810640-B26E-4EAF-81C5-E1781AA3F90C}.Debug|Any CPU.ActiveCfg = Debug|Any CPU
		{36810640-B26E-4EAF-81C5-E1781AA3F90C}.Debug|Any CPU.Build.0 = Debug|Any CPU
		{36810640-B26E-4EAF-81C5-E1781AA3F90C}.Release|Any CPU.ActiveCfg = Release|Any CPU
		{36810640-B26E-4EAF-81C5-E1781AA3F90C}.Release|Any CPU.Build.0 = Release|Any CPU
		{DD2F7F32-2233-4DEE-8FA8-A70ACE23BBDE}.Debug|Any CPU.ActiveCfg = Debug|Any CPU
		{DD2F7F32-2233-4DEE-8FA8-A70ACE23BBDE}.Debug|Any CPU.Build.0 = Debug|Any CPU
		{DD2F7F32-2233-4DEE-8FA8-A70ACE23BBDE}.Release|Any CPU.ActiveCfg = Release|Any CPU
		{DD2F7F32-2233-4DEE-8FA8-A70ACE23BBDE}.Release|Any CPU.Build.0 = Release|Any CPU
	EndGlobalSection
	GlobalSection(SolutionProperties) = preSolution
		HideSolutionNode = FALSE
	EndGlobalSection
	GlobalSection(ExtensibilityGlobals) = postSolution
		SolutionGuid = {D075F369-FE98-4562-996D-668EB2A7E270}
	EndGlobalSection
EndGlobal
