
Microsoft Visual Studio Solution File, Format Version 12.00
# Visual Studio Version 17
VisualStudioVersion = 17.8.34316.72
MinimumVisualStudioVersion = 10.0.40219.1
Project("{54A90642-561A-4BB1-A94E-469ADEE60C69}") = "site", "site\site.esproj", "{6C307DD3-4613-4E9F-81F4-1B1CD78FAAE5}"
EndProject
Global
	GlobalSection(SolutionConfigurationPlatforms) = preSolution
		Debug|Any CPU = Debug|Any CPU
		Release|Any CPU = Release|Any CPU
	EndGlobalSection
	GlobalSection(ProjectConfigurationPlatforms) = postSolution
		{6C307DD3-4613-4E9F-81F4-1B1CD78FAAE5}.Debug|Any CPU.ActiveCfg = Debug|Any CPU
		{6C307DD3-4613-4E9F-81F4-1B1CD78FAAE5}.Debug|Any CPU.Build.0 = Debug|Any CPU
		{6C307DD3-4613-4E9F-81F4-1B1CD78FAAE5}.Debug|Any CPU.Deploy.0 = Debug|Any CPU
		{6C307DD3-4613-4E9F-81F4-1B1CD78FAAE5}.Release|Any CPU.ActiveCfg = Release|Any CPU
		{6C307DD3-4613-4E9F-81F4-1B1CD78FAAE5}.Release|Any CPU.Build.0 = Release|Any CPU
		{6C307DD3-4613-4E9F-81F4-1B1CD78FAAE5}.Release|Any CPU.Deploy.0 = Release|Any CPU
	EndGlobalSection
	GlobalSection(SolutionProperties) = preSolution
		HideSolutionNode = FALSE
	EndGlobalSection
	GlobalSection(ExtensibilityGlobals) = postSolution
		SolutionGuid = {98C8CCCD-2170-48CA-B91B-3E9D617B9BE9}
	EndGlobalSection
EndGlobal
